# This lock file was generated by conda-lock (https://github.com/conda/conda-lock). DO NOT EDIT!
#
# A "lock file" contains a concrete list of package versions (with checksums) to be installed. Unlike
# e.g. `conda env create`, the resulting environment will not change as new package versions become
# available, unless you explicitly update the lock file.
#
# Install this environment as "YOURENV" with:
#     conda-lock install -n YOURENV --file conda-lock.yml
# To update a single package to the latest version compatible with the version constraints in the source:
#     conda-lock lock  --lockfile conda-lock.yml --update PACKAGE
# To re-solve the entire environment, e.g. after changing a version constraint in the source file:
#     conda-lock -f environment.yaml --lockfile conda-lock.yml
version: 1
metadata:
  content_hash:
    linux-64: f936754033560bf61ea2973dadd3740c27bbbb691c13933cc76072af49894fca
    osx-64: 2a6827cf5d8c8b9927ff01b6000bf15b93694664fb37dd8d0a785f2c08777b5e
  channels:
  - url: conda-forge
    used_env_vars: []
  platforms:
  - linux-64
  - osx-64
  sources:
  - environment.yaml
package:
- name: _libgcc_mutex
  version: '0.1'
  manager: conda
  platform: linux-64
  dependencies: {}
  url: https://conda.anaconda.org/conda-forge/linux-64/_libgcc_mutex-0.1-conda_forge.tar.bz2
  hash:
    md5: d7c89558ba9fa0495403155b64376d81
    sha256: fe51de6107f9edc7aa4f786a70f4a883943bc9d39b3bb7307c04c41410990726
  category: main
  optional: false
- name: ca-certificates
  version: 2023.5.7
  manager: conda
  platform: linux-64
  dependencies: {}
  url: https://conda.anaconda.org/conda-forge/linux-64/ca-certificates-2023.5.7-hbcca054_0.conda
  hash:
    md5: f5c65075fc34438d5b456c7f3f5ab695
    sha256: 0cf1bb3d0bfc5519b60af2c360fa4888fb838e1476b1e0f65b9dbc48b45c7345
  category: main
  optional: false
- name: libstdcxx-ng
  version: 13.1.0
  manager: conda
  platform: linux-64
  dependencies: {}
  url: https://conda.anaconda.org/conda-forge/linux-64/libstdcxx-ng-13.1.0-hfd8a6a1_0.conda
  hash:
    md5: 067bcc23164642f4c226da631f2a2e1d
    sha256: 6f9eb2d7a96687938c0001166a3b308460a8eb02b10e9d0dd9e251f0219ea05c
  category: main
  optional: false
- name: libgomp
  version: 13.1.0
  manager: conda
  platform: linux-64
  dependencies:
    _libgcc_mutex: '0.1'
  url: https://conda.anaconda.org/conda-forge/linux-64/libgomp-13.1.0-he5830b7_0.conda
  hash:
    md5: 56ca14d57ac29a75d23a39eb3ee0ddeb
    sha256: 5d441d80b57f857ad305a65169a6b915d4fd6735cdc9e9bded35d493c91ef16d
  category: main
  optional: false
- name: _openmp_mutex
  version: '4.5'
  manager: conda
  platform: linux-64
  dependencies:
    _libgcc_mutex: '0.1'
    libgomp: '>=7.5.0'
  url: https://conda.anaconda.org/conda-forge/linux-64/_openmp_mutex-4.5-2_gnu.tar.bz2
  hash:
    md5: 73aaf86a425cc6e73fcf236a5a46396d
    sha256: fbe2c5e56a653bebb982eda4876a9178aedfc2b545f25d0ce9c4c0b508253d22
  category: main
  optional: false
- name: libgcc-ng
  version: 13.1.0
  manager: conda
  platform: linux-64
  dependencies:
    _libgcc_mutex: '0.1'
    _openmp_mutex: '>=4.5'
  url: https://conda.anaconda.org/conda-forge/linux-64/libgcc-ng-13.1.0-he5830b7_0.conda
  hash:
    md5: cd93f779ff018dd85c7544c015c9db3c
    sha256: fba897a02f35b2b5e6edc43a746d1fa6970a77b422f258246316110af8966911
  category: main
  optional: false
- name: bzip2
  version: 1.0.8
  manager: conda
  platform: linux-64
  dependencies:
    libgcc-ng: '>=9.3.0'
  url: https://conda.anaconda.org/conda-forge/linux-64/bzip2-1.0.8-h7f98852_4.tar.bz2
  hash:
    md5: a1fd65c7ccbf10880423d82bca54eb54
    sha256: cb521319804640ff2ad6a9f118d972ed76d86bea44e5626c09a13d38f562e1fa
  category: main
  optional: false
- name: libbrotlicommon
  version: 1.0.9
  manager: conda
  platform: linux-64
  dependencies:
    libgcc-ng: '>=12'
  url: https://conda.anaconda.org/conda-forge/linux-64/libbrotlicommon-1.0.9-h166bdaf_8.tar.bz2
  hash:
    md5: 9194c9bf9428035a05352d031462eae4
    sha256: ddc961a36d498aaafd5b71078836ad5dd247cc6ba7924157f3801a2f09b77b14
  category: main
  optional: false
- name: libffi
  version: 3.2.1
  manager: conda
  platform: linux-64
  dependencies:
    libgcc-ng: '>=7.3.0'
    libstdcxx-ng: '>=7.3.0'
  url: https://conda.anaconda.org/conda-forge/linux-64/libffi-3.2.1-he1b5a44_1007.tar.bz2
  hash:
    md5: 11389072d7d6036fd811c3d9460475cd
    sha256: 992246df63724484e9ee8652ce3ca0237f707961beab8b813096bbc647cf84f4
  category: main
  optional: false
- name: libzlib
  version: 1.2.13
  manager: conda
  platform: linux-64
  dependencies:
    libgcc-ng: '>=12'
  url: https://conda.anaconda.org/conda-forge/linux-64/libzlib-1.2.13-hd590300_5.conda
  hash:
    md5: f36c115f1ee199da648e0597ec2047ad
    sha256: 370c7c5893b737596fd6ca0d9190c9715d89d888b8c88537ae1ef168c25e82e4
  category: main
  optional: false
- name: ncurses
  version: '6.4'
  manager: conda
  platform: linux-64
  dependencies:
    libgcc-ng: '>=12'
  url: https://conda.anaconda.org/conda-forge/linux-64/ncurses-6.4-hcb278e6_0.conda
  hash:
    md5: 681105bccc2a3f7f1a837d47d39c9179
    sha256: ccf61e61d58a8a7b2d66822d5568e2dc9387883dd9b2da61e1d787ece4c4979a
  category: main
  optional: false
- name: openssl
  version: 1.0.2u
  manager: conda
  platform: linux-64
  dependencies:
    ca-certificates: ''
    libgcc-ng: '>=7.3.0'
  url: https://conda.anaconda.org/conda-forge/linux-64/openssl-1.0.2u-h516909a_0.tar.bz2
  hash:
    md5: e9043fbb5bb2c4a2b41a37e05d2ec2ec
    sha256: 28051a8e036e5cbf6ebb5b2ef105c1d2d821ec2f5d8a9a9983c35a96fd6b272c
  category: main
  optional: false
- name: xz
  version: 5.2.6
  manager: conda
  platform: linux-64
  dependencies:
    libgcc-ng: '>=12'
  url: https://conda.anaconda.org/conda-forge/linux-64/xz-5.2.6-h166bdaf_0.tar.bz2
  hash:
    md5: 2161070d867d1b1204ea749c8eec4ef0
    sha256: 03a6d28ded42af8a347345f82f3eebdd6807a08526d47899a42d62d319609162
  category: main
  optional: false
- name: yaml
  version: 0.2.5
  manager: conda
  platform: linux-64
  dependencies:
    libgcc-ng: '>=9.4.0'
  url: https://conda.anaconda.org/conda-forge/linux-64/yaml-0.2.5-h7f98852_2.tar.bz2
  hash:
    md5: 4cb3ad778ec2d5a7acbdf254eb1c42ae
    sha256: a4e34c710eeb26945bdbdaba82d3d74f60a78f54a874ec10d373811a5d217535
  category: main
  optional: false
- name: libbrotlidec
  version: 1.0.9
  manager: conda
  platform: linux-64
  dependencies:
    libbrotlicommon: 1.0.9
    libgcc-ng: '>=12'
  url: https://conda.anaconda.org/conda-forge/linux-64/libbrotlidec-1.0.9-h166bdaf_8.tar.bz2
  hash:
    md5: 4ae4d7795d33e02bd20f6b23d91caf82
    sha256: d88ba07c3be27c89cb4975cc7edf63ee7b1c62d01f70d5c3f7efeb987c82b052
  category: main
  optional: false
- name: libbrotlienc
  version: 1.0.9
  manager: conda
  platform: linux-64
  dependencies:
    libbrotlicommon: 1.0.9
    libgcc-ng: '>=12'
  url: https://conda.anaconda.org/conda-forge/linux-64/libbrotlienc-1.0.9-h166bdaf_8.tar.bz2
  hash:
    md5: 04bac51ba35ea023dc48af73c1c88c25
    sha256: a0468858b2f647f51509a32040e93512818a8f9980f20b3554cccac747bcc4be
  category: main
  optional: false
- name: readline
  version: '7.0'
  manager: conda
  platform: linux-64
  dependencies:
    libgcc-ng: '>=7.3.0'
    ncurses: '>=6.1,<7.0.0a0'
  url: https://conda.anaconda.org/conda-forge/linux-64/readline-7.0-hf8c457e_1001.tar.bz2
  hash:
    md5: ba9f8093574f89e5efc3e775ecc0d7d8
    sha256: 47abe26890c3f871560aca9d473ce542a7265e025f7c65933df4ab791e787f90
  category: main
  optional: false
- name: tk
  version: 8.6.12
  manager: conda
  platform: linux-64
  dependencies:
    libgcc-ng: '>=9.4.0'
    libzlib: '>=1.2.11,<1.3.0a0'
  url: https://conda.anaconda.org/conda-forge/linux-64/tk-8.6.12-h27826a3_0.tar.bz2
  hash:
    md5: 5b8c42eb62e9fc961af70bdd6a26e168
    sha256: 032fd769aad9d4cad40ba261ab222675acb7ec951a8832455fce18ef33fa8df0
  category: main
  optional: false
- name: zlib
  version: 1.2.13
  manager: conda
  platform: linux-64
  dependencies:
    libgcc-ng: '>=12'
    libzlib: 1.2.13
  url: https://conda.anaconda.org/conda-forge/linux-64/zlib-1.2.13-hd590300_5.conda
  hash:
    md5: 68c34ec6149623be41a1933ab996a209
    sha256: 9887a04d7e7cb14bd2b52fa01858f05a6d7f002c890f618d9fcd864adbfecb1b
  category: main
  optional: false
- name: brotli-bin
  version: 1.0.9
  manager: conda
  platform: linux-64
  dependencies:
    libbrotlidec: 1.0.9
    libbrotlienc: 1.0.9
    libgcc-ng: '>=12'
  url: https://conda.anaconda.org/conda-forge/linux-64/brotli-bin-1.0.9-h166bdaf_8.tar.bz2
  hash:
    md5: e5613f2bc717e9945840ff474419b8e4
    sha256: ab1994e03bdd88e4b27f9f802ac18e45ed29b92cce25e1fd86da43b89734950f
  category: main
  optional: false
- name: sqlite
  version: 3.28.0
  manager: conda
  platform: linux-64
  dependencies:
    libgcc-ng: '>=7.3.0'
    ncurses: '>=6.1,<7.0.0a0'
    readline: '>=7.0,<8.0a0'
  url: https://conda.anaconda.org/conda-forge/linux-64/sqlite-3.28.0-h8b20d00_0.tar.bz2
  hash:
    md5: 2a7f1449b2aae6d661d37cd83d0c24c1
    sha256: 417897f10aefa9f58c6caef8001354024251ec90c3d49c4a91c2fd91775494a0
  category: main
  optional: false
- name: brotli
  version: 1.0.9
  manager: conda
  platform: linux-64
  dependencies:
    brotli-bin: 1.0.9
    libbrotlidec: 1.0.9
    libbrotlienc: 1.0.9
    libgcc-ng: '>=12'
  url: https://conda.anaconda.org/conda-forge/linux-64/brotli-1.0.9-h166bdaf_8.tar.bz2
  hash:
    md5: 2ff08978892a3e8b954397c461f18418
    sha256: 74c0fa22ea7c62d2c8f7a7aea03a3bd4919f7f3940ef5b027ce0dfb5feb38c06
  category: main
  optional: false
- name: python
  version: 3.7.0
  manager: conda
  platform: linux-64
  dependencies:
    bzip2: '>=1.0.6,<2.0a0'
    libffi: '>=3.2.1,<3.3.0a0'
    libgcc-ng: '>=7.3.0'
    libstdcxx-ng: '>=7.3.0'
    ncurses: '>=6.1,<7.0.0a0'
    openssl: '>=1.0.2p,<1.0.3a'
    readline: '>=7.0,<8.0a0'
    sqlite: '>=3.25.3,<4.0a0'
    tk: '>=8.6.8,<8.7.0a0'
    xz: '>=5.2.4,<5.3.0a0'
    zlib: '>=1.2.11,<1.3.0a0'
  url: https://conda.anaconda.org/conda-forge/linux-64/python-3.7.0-hd21baee_1006.tar.bz2
  hash:
    md5: 20f79d457a8941191d21b5bd3d041bf2
    sha256: 8dd1fdefb5fef54ad189397c9d401bd7b498c51e5b36bbd0c97487ebbc1abf96
  category: main
  optional: false
- name: aiofiles
  version: 23.1.0
  manager: conda
  platform: linux-64
  dependencies:
    python: '>=3.7'
  url: https://conda.anaconda.org/conda-forge/noarch/aiofiles-23.1.0-pyhd8ed1ab_1.conda
  hash:
    md5: 4e0624567be59edd7d0fec20db4d7a9c
    sha256: 76f4a3bedd87897b5d33be777035087c47416550a6e7329d4710248dcfa4700e
  category: main
  optional: false
- name: asynctest
  version: 0.13.0
  manager: conda
  platform: linux-64
  dependencies:
    python: '>=3.5'
  url: https://conda.anaconda.org/conda-forge/noarch/asynctest-0.13.0-py_0.tar.bz2
  hash:
    md5: b0e68312b9cdf1696f49c454d4864dfd
    sha256: c09fb3080c207b42a394b4fd472c01d278cc256e9b07359fd7faee647d4a3105
  category: main
  optional: false
- name: attrs
  version: 23.1.0
  manager: conda
  platform: linux-64
  dependencies:
    python: '>=3.7'
  url: https://conda.anaconda.org/conda-forge/noarch/attrs-23.1.0-pyh71513ae_1.conda
  hash:
    md5: 3edfead7cedd1ab4400a6c588f3e75f8
    sha256: 063639cd568f5c7a557b0fb1cc27f098598c0d8ff869088bfeb82934674f8821
  category: main
  optional: false
- name: certifi
  version: 2023.5.7
  manager: conda
  platform: linux-64
  dependencies:
    python: '>=3.7'
  url: https://conda.anaconda.org/conda-forge/noarch/certifi-2023.5.7-pyhd8ed1ab_0.conda
  hash:
    md5: 5d1b71c942b8421285934dad1d891ebc
    sha256: f839a6e04d94069f90dd85337ea9108f058dc76771bb469a413f32bb1ba0b256
  category: main
  optional: false
- name: charset-normalizer
  version: 2.1.1
  manager: conda
  platform: linux-64
  dependencies:
    python: '>=3.6'
  url: https://conda.anaconda.org/conda-forge/noarch/charset-normalizer-2.1.1-pyhd8ed1ab_0.tar.bz2
  hash:
    md5: c1d5b294fbf9a795dec349a6f4d8be8e
    sha256: 9e6170fa7b65b5546377eddb602d5ff871110f84bebf101b7b8177ff64aab1cb
  category: main
  optional: false
- name: colorama
  version: 0.4.6
  manager: conda
  platform: linux-64
  dependencies:
    python: '>=3.7'
  url: https://conda.anaconda.org/conda-forge/noarch/colorama-0.4.6-pyhd8ed1ab_0.tar.bz2
  hash:
    md5: 3faab06a954c2a04039983f2c4a50d99
    sha256: 2c1b2e9755ce3102bca8d69e8f26e4f087ece73f50418186aee7c74bef8e1698
  category: main
  optional: false
- name: exceptiongroup
  version: 1.1.1
  manager: conda
  platform: linux-64
  dependencies:
    python: '>=3.7'
  url: https://conda.anaconda.org/conda-forge/noarch/exceptiongroup-1.1.1-pyhd8ed1ab_0.conda
  hash:
    md5: 7312299d7a0ea4993159229b7d2dceb2
    sha256: f073c3ba993912f1c0027bc34a54975642885f0a4cd5f9dc42a17ca945df2c18
  category: main
  optional: false
- name: idna
  version: '3.4'
  manager: conda
  platform: linux-64
  dependencies:
    python: '>=3.6'
  url: https://conda.anaconda.org/conda-forge/noarch/idna-3.4-pyhd8ed1ab_0.tar.bz2
  hash:
    md5: 34272b248891bddccc64479f9a7fffed
    sha256: 9887c35c374ec1847f167292d3fde023cb4c994a4ceeec283072b95440131f09
  category: main
  optional: false
- name: iniconfig
  version: 2.0.0
  manager: conda
  platform: linux-64
  dependencies:
    python: '>=3.7'
  url: https://conda.anaconda.org/conda-forge/noarch/iniconfig-2.0.0-pyhd8ed1ab_0.conda
  hash:
    md5: f800d2da156d08e289b14e87e43c1ae5
    sha256: 38740c939b668b36a50ef455b077e8015b8c9cf89860d421b3fff86048f49666
  category: main
  optional: false
- name: mdurl
  version: 0.1.0
  manager: conda
  platform: linux-64
  dependencies:
    python: '>=3.6'
  url: https://conda.anaconda.org/conda-forge/noarch/mdurl-0.1.0-pyhd8ed1ab_0.tar.bz2
  hash:
    md5: f8dab71fdc13b1bf29a01248b156d268
    sha256: c678b9194e025b1fb665bec30ee20aab93399203583875b1dcc0a3b52a8f5523
  category: main
  optional: false
- name: packaging
  version: '23.1'
  manager: conda
  platform: linux-64
  dependencies:
    python: '>=3.7'
  url: https://conda.anaconda.org/conda-forge/noarch/packaging-23.1-pyhd8ed1ab_0.conda
  hash:
    md5: 91cda59e66e1e4afe9476f8ef98f5c30
    sha256: ded536a96a00d45a693dbc2971bb688248324dadd129eddda2100e177583d768
  category: main
  optional: false
- name: pygments
  version: 2.15.1
  manager: conda
  platform: linux-64
  dependencies:
    python: '>=3.7'
  url: https://conda.anaconda.org/conda-forge/noarch/pygments-2.15.1-pyhd8ed1ab_0.conda
  hash:
    md5: d316679235612869eba305aa7d41d9bf
    sha256: 1bddeb54863c77ed5613b535a3e06a3a16b55786301a5e28c9bf011656bda686
  category: main
  optional: false
- name: python_abi
  version: '3.7'
  manager: conda
  platform: linux-64
  dependencies:
    python: 3.7.*
  url: https://conda.anaconda.org/conda-forge/linux-64/python_abi-3.7-2_cp37m.tar.bz2
  hash:
    md5: afff88bf9a7048da740c70aeb8cdbb82
    sha256: f8f84cf76e9a8a49becf147354d9946ede90388665d3aad4d1ce7a5ebd193526
  category: main
  optional: false
- name: shellingham
  version: 1.5.1
  manager: conda
  platform: linux-64
  dependencies:
    python: '>=3.7'
  url: https://conda.anaconda.org/conda-forge/noarch/shellingham-1.5.1-pyhd8ed1ab_0.conda
  hash:
    md5: 1de44299f48f522caa2e0074231614e1
    sha256: 3cb4a4a83b617fdfef9b92751634488db0b8961c80340be8068bf6d4f1d5ac25
  category: main
  optional: false
- name: tomli
  version: 2.0.1
  manager: conda
  platform: linux-64
  dependencies:
    python: '>=3.7'
  url: https://conda.anaconda.org/conda-forge/noarch/tomli-2.0.1-pyhd8ed1ab_0.tar.bz2
  hash:
    md5: 5844808ffab9ebdb694585b50ba02a96
    sha256: 4cd48aba7cd026d17e86886af48d0d2ebc67ed36f87f6534f4b67138f5a5a58f
  category: main
  optional: false
- name: typing_extensions
  version: 4.6.3
  manager: conda
  platform: linux-64
  dependencies:
    python: '>=3.7'
  url: https://conda.anaconda.org/conda-forge/noarch/typing_extensions-4.6.3-pyha770c72_0.conda
  hash:
    md5: 4a3014a4d107d15475d106b751c4e352
    sha256: 90a8d56c8015af1575d504d5f77d95a806cd999fc178a06ab51a349f1f744672
  category: main
  optional: false
- name: zipp
  version: 3.15.0
  manager: conda
  platform: linux-64
  dependencies:
    python: '>=3.7'
  url: https://conda.anaconda.org/conda-forge/noarch/zipp-3.15.0-pyhd8ed1ab_0.conda
  hash:
    md5: 13018819ca8f5b7cc675a8faf1f5fedf
    sha256: 241de30545299be9bcea3addf8a2c22a3b3d4ba6730890e150ab690ac937a3d2
  category: main
  optional: false
- name: frozenlist
  version: 1.3.1
  manager: conda
  platform: linux-64
  dependencies:
    libgcc-ng: '>=12'
    python: '>=3.7,<3.8.0a0'
    python_abi: 3.7.*
  url: https://conda.anaconda.org/conda-forge/linux-64/frozenlist-1.3.1-py37h540881e_0.tar.bz2
  hash:
    md5: d14a3eae304d08991d3642739ba0aaf3
    sha256: 92fda84312a23563ce8842f5b352b2d78dd1e1177af30959323ccb48bff3f72d
  category: main
  optional: false
- name: importlib-metadata
  version: 4.11.4
  manager: conda
  platform: linux-64
  dependencies:
    python: '>=3.7,<3.8.0a0'
    python_abi: 3.7.*
    typing_extensions: '>=3.6.4'
    zipp: '>=0.5'
  url: https://conda.anaconda.org/conda-forge/linux-64/importlib-metadata-4.11.4-py37h89c1867_0.tar.bz2
  hash:
    md5: 71107630527e4bd82932952351231efe
    sha256: f47fc54c788133fdc9e05d3393e4c3b1f322195929ebc02b00024dcef67646a6
  category: main
  optional: false
- name: markdown-it-py
  version: 2.2.0
  manager: conda
  platform: linux-64
  dependencies:
    mdurl: '>=0.1,<1'
    python: '>=3.7'
    typing_extensions: '>=3.7.4'
  url: https://conda.anaconda.org/conda-forge/noarch/markdown-it-py-2.2.0-pyhd8ed1ab_0.conda
  hash:
    md5: b2928a6c6d52d7e3562b4a59c3214e3a
    sha256: 65ed439862c1851463f03a9bc5109992ce3e3e025e9a2d76d13ca19f576eee9f
  category: main
  optional: false
- name: multidict
  version: 6.0.2
  manager: conda
  platform: linux-64
  dependencies:
    libgcc-ng: '>=10.3.0'
    python: '>=3.7,<3.8.0a0'
    python_abi: 3.7.*
  url: https://conda.anaconda.org/conda-forge/linux-64/multidict-6.0.2-py37h540881e_1.tar.bz2
  hash:
    md5: 679ac96314f306004f7a1ae32bff2fc8
    sha256: d842ec40ce501ce0b3588acc363c525ae50dae5750dd01599f861ce0feaea613
  category: main
  optional: false
- name: pysocks
  version: 1.7.1
  manager: conda
  platform: linux-64
  dependencies:
    python: '>=3.7,<3.8.0a0'
    python_abi: 3.7.*
  url: https://conda.anaconda.org/conda-forge/linux-64/pysocks-1.7.1-py37h89c1867_5.tar.bz2
  hash:
    md5: 8c4b0563f96363ee99f1ab864616ac63
    sha256: 8b87ba22efdccaec470c6d641f1381d57404e109d55b1955e8b192d81e9da075
  category: main
  optional: false
- name: pyyaml
  version: '6.0'
  manager: conda
  platform: linux-64
  dependencies:
    libgcc-ng: '>=10.3.0'
    python: '>=3.7,<3.8.0a0'
    python_abi: 3.7.*
    yaml: '>=0.2.5,<0.3.0a0'
  url: https://conda.anaconda.org/conda-forge/linux-64/pyyaml-6.0-py37h540881e_4.tar.bz2
  hash:
    md5: f231119f9790da6da6bd93b250b7e42e
    sha256: 24087d565be1b0ec11c6cd1e73e73a44c2a7b01c33a1b1271cc33d701e2a41ad
  category: main
  optional: false
- name: typing-extensions
  version: 4.6.3
  manager: conda
  platform: linux-64
  dependencies:
    typing_extensions: 4.6.3
  url: https://conda.anaconda.org/conda-forge/noarch/typing-extensions-4.6.3-hd8ed1ab_0.conda
  hash:
    md5: 3876f650ed7d0f95d70fa4b647621909
    sha256: d2334dab270e13182403cc3a394e3da8e7acb409e94059a6d9223d2ac053f90a
  category: main
  optional: false
- name: aiosignal
  version: 1.3.1
  manager: conda
  platform: linux-64
  dependencies:
    frozenlist: '>=1.1.0'
    python: '>=3.7'
  url: https://conda.anaconda.org/conda-forge/noarch/aiosignal-1.3.1-pyhd8ed1ab_0.tar.bz2
  hash:
    md5: d1e1eb7e21a9e2c74279d87dafb68156
    sha256: 575c742e14c86575986dc867463582a970463da50b77264cdf54df74f5563783
  category: main
  optional: false
- name: async-timeout
  version: 4.0.2
  manager: conda
  platform: linux-64
  dependencies:
    python: '>=3.6'
    typing-extensions: '>=3.6.5'
  url: https://conda.anaconda.org/conda-forge/noarch/async-timeout-4.0.2-pyhd8ed1ab_0.tar.bz2
  hash:
    md5: 25e79f9a1133556671becbd65a170c78
    sha256: a08b78e6fadee1ffac0f255363d2a08a0c589c7403fd2a71c1c0b6aafd5e0737
  category: main
  optional: false
- name: click
  version: 8.1.3
  manager: conda
  platform: linux-64
  dependencies:
    importlib-metadata: ''
    python: '>=3.7,<3.8.0a0'
    python_abi: 3.7.*
  url: https://conda.anaconda.org/conda-forge/linux-64/click-8.1.3-py37h89c1867_0.tar.bz2
  hash:
    md5: cc3ff1c7672163d162f3e478e6d57b6e
    sha256: f8fe4c4f2d22d98f845cb1fd430302fb5c7f2c7b0b7314384b69880d33ea11ba
  category: main
  optional: false
- name: importlib_metadata
  version: 4.11.4
  manager: conda
  platform: linux-64
  dependencies:
    importlib-metadata: '>=4.11.4,<4.11.5.0a0'
  url: https://conda.anaconda.org/conda-forge/noarch/importlib_metadata-4.11.4-hd8ed1ab_0.tar.bz2
  hash:
    md5: 9a1925fdb91c81437b8012e48ede6851
    sha256: 85049d953d6894e1379162e0f01cf4b8828d40f707cc511edb201e9159f091fc
  category: main
  optional: false
- name: pydantic
  version: 1.10.2
  manager: conda
  platform: linux-64
  dependencies:
    libgcc-ng: '>=12'
    python: '>=3.7,<3.8.0a0'
    python_abi: 3.7.*
    typing-extensions: '>=4.1.0'
  url: https://conda.anaconda.org/conda-forge/linux-64/pydantic-1.10.2-py37h540881e_0.tar.bz2
  hash:
    md5: 070f8167349d66f24f5ff04688dd9b95
    sha256: b2891ecbde19fef02273bd0556e98c2d4afb7eeaf007c72c193a2efca604b584
  category: main
  optional: false
- name: rich
  version: 13.4.2
  manager: conda
  platform: linux-64
  dependencies:
    markdown-it-py: '>=2.2.0'
    pygments: '>=2.13.0,<3.0.0'
    python: '>=3.7.0'
    typing_extensions: '>=4.0.0,<5.0.0'
  url: https://conda.anaconda.org/conda-forge/noarch/rich-13.4.2-pyhd8ed1ab_0.conda
  hash:
    md5: f993baacc175e83fafd6b846e9c4c8a2
    sha256: d0f6506b0bf1f5563b6b42cf018002b7007bd49e62ad4a178c2a50bf3a7fe45f
  category: main
  optional: false
- name: urllib3
  version: 2.0.3
  manager: conda
  platform: linux-64
  dependencies:
    brotli: '>=1.0.9'
    pysocks: '>=1.5.6,<2.0,!=1.5.7'
    python: '>=3.7'
  url: https://conda.anaconda.org/conda-forge/noarch/urllib3-2.0.3-pyhd8ed1ab_0.conda
  hash:
    md5: ae465d0fbf9f1979cb2d8d4043d885e2
    sha256: 91d999539132f4b04091642df62b51c63c8a1fd61ecdff1ed704fc11405f9a34
  category: main
  optional: false
- name: yarl
  version: 1.7.2
  manager: conda
  platform: linux-64
  dependencies:
    idna: '>=2.0'
    libgcc-ng: '>=10.3.0'
    multidict: '>=4.0'
    python: '>=3.7,<3.8.0a0'
    python_abi: 3.7.*
    typing-extensions: '>=3.7.4'
  url: https://conda.anaconda.org/conda-forge/linux-64/yarl-1.7.2-py37h540881e_2.tar.bz2
  hash:
    md5: 19b4db3d2d94a9a96b66ddf6ef19e640
    sha256: f90381ec02db5359f78ff97ee5fcb324ab4d503bcf6a7dfa370a7088673186a8
  category: main
  optional: false
- name: aiohttp
  version: 3.8.3
  manager: conda
  platform: linux-64
  dependencies:
    aiosignal: '>=1.1.2'
    async-timeout: <5.0,>=4.0.0a3
    asynctest: 0.13.0
    attrs: '>=17.3.0'
    charset-normalizer: '>=2.0,<3.0'
    frozenlist: '>=1.1.1'
    libgcc-ng: '>=12'
    multidict: '>=4.5,<7.0'
    python: '>=3.7,<3.8.0a0'
    python_abi: 3.7.*
    typing-extensions: '>=3.7.4'
    yarl: '>=1.0,<2.0'
  url: https://conda.anaconda.org/conda-forge/linux-64/aiohttp-3.8.3-py37h540881e_0.tar.bz2
  hash:
    md5: 664e786b00a89f4bc7ac6c0dbcc0b7af
    sha256: 9d8d782232c0f8332df0820e28f9953cd3aa08f857a166154c3475b28a3a23ca
  category: main
  optional: false
- name: pluggy
  version: 1.0.0
  manager: conda
  platform: linux-64
  dependencies:
    importlib_metadata: '>=0.12'
    python: '>=3.7,<3.8.0a0'
    python_abi: 3.7.*
  url: https://conda.anaconda.org/conda-forge/linux-64/pluggy-1.0.0-py37h89c1867_3.tar.bz2
  hash:
    md5: 6364b39df084274961ed1d21a8cd060b
    sha256: e6b508c56da5679aea74ed2e54d4c7b6570025ca8ebed073688f6948c54add88
  category: main
  optional: false
- name: requests
  version: 2.31.0
  manager: conda
  platform: linux-64
  dependencies:
    certifi: '>=2017.4.17'
    charset-normalizer: '>=2,<4'
    idna: '>=2.5,<4'
    python: '>=3.7'
    urllib3: '>=1.21.1,<3'
  url: https://conda.anaconda.org/conda-forge/noarch/requests-2.31.0-pyhd8ed1ab_0.conda
  hash:
    md5: a30144e4156cdbb236f99ebb49828f8b
    sha256: 9f629d6fd3c8ac5f2a198639fe7af87c4db2ac9235279164bfe0fcb49d8c4bad
  category: main
  optional: false
- name: typer
  version: 0.9.0
  manager: conda
  platform: linux-64
  dependencies:
    click: '>=7.1.1,<9'
    colorama: '>=0.4.3,<0.5.0'
    python: '>=3.6'
    rich: '>=10.11.0,<14.0.0'
    shellingham: '>=1.3.0,<2.0.0'
    typing-extensions: '>=3.7.4.3'
  url: https://conda.anaconda.org/conda-forge/noarch/typer-0.9.0-pyhd8ed1ab_0.conda
  hash:
    md5: 5030a13b2fe5e143d5956d4943d3018f
    sha256: d395e1e92281abb13e043220ecf8ea973ada8d38a1e8c683df14f46541c64bd2
  category: main
  optional: false
- name: pytest
  version: 7.3.2
  manager: conda
  platform: linux-64
  dependencies:
    colorama: ''
    exceptiongroup: '>=1.0.0rc8'
    iniconfig: ''
    packaging: ''
    pluggy: '>=0.12,<2.0'
    python: '>=3.7'
    tomli: '>=1.0.0'
  url: https://conda.anaconda.org/conda-forge/noarch/pytest-7.3.2-pyhd8ed1ab_1.conda
  hash:
    md5: f2465696f4396245eca4613f6e924796
    sha256: bdcd2df6f9a1a5ccb575c030a9c9417fb3abb7aecf56e51bbd2711139df187e8
  category: main
  optional: false
- name: bzip2
  version: 1.0.8
  manager: conda
  platform: osx-64
  dependencies: {}
  url: https://conda.anaconda.org/conda-forge/osx-64/bzip2-1.0.8-h0d85af4_4.tar.bz2
  hash:
    md5: 37edc4e6304ca87316e160f5ca0bd1b5
    sha256: 60ba4c64f5d0afca0d283c7addba577d3e2efc0db86002808dadb0498661b2f2
  category: main
  optional: false
- name: ca-certificates
  version: 2023.5.7
  manager: conda
  platform: osx-64
  dependencies: {}
  url: https://conda.anaconda.org/conda-forge/osx-64/ca-certificates-2023.5.7-h8857fd0_0.conda
  hash:
    md5: b704e4b79ba0d887c4870b7b09d6a4df
    sha256: a06c9c788de81da3a3868ac56781680cc1fc50a0b5a545d4453818975c141b2c
  category: main
  optional: false
- name: libbrotlicommon
  version: 1.0.9
  manager: conda
  platform: osx-64
  dependencies: {}
  url: https://conda.anaconda.org/conda-forge/osx-64/libbrotlicommon-1.0.9-hb7f2c08_8.tar.bz2
  hash:
    md5: 37157d273eaf3bc7d6862104161d9ec9
    sha256: c983101653f5bffea605c4423d84fd5ca28ee36b290cdb6207ec246e293f7d94
  category: main
  optional: false
- name: libcxx
  version: 16.0.6
  manager: conda
  platform: osx-64
  dependencies: {}
  url: https://conda.anaconda.org/conda-forge/osx-64/libcxx-16.0.6-hd57cbcb_0.conda
  hash:
    md5: 7d6972792161077908b62971802f289a
    sha256: 9063271847cf05f3a6cc6cae3e7f0ced032ab5f3a3c9d3f943f876f39c5c2549
  category: main
  optional: false
- name: libzlib
  version: 1.2.13
  manager: conda
  platform: osx-64
  dependencies: {}
  url: https://conda.anaconda.org/conda-forge/osx-64/libzlib-1.2.13-h8a1eda9_5.conda
  hash:
    md5: 4a3ad23f6e16f99c04e166767193d700
    sha256: fc58ad7f47ffea10df1f2165369978fba0a1cc32594aad778f5eec725f334867
  category: main
  optional: false
- name: ncurses
  version: '6.4'
  manager: conda
  platform: osx-64
  dependencies: {}
  url: https://conda.anaconda.org/conda-forge/osx-64/ncurses-6.4-hf0c8a7f_0.conda
  hash:
    md5: c3dbae2411164d9b02c69090a9a91857
    sha256: 7841b1fce1ffb0bfb038f9687b92f04d64acab1f7cb96431972386ea98c7b2fd
  category: main
  optional: false
- name: xz
  version: 5.2.6
  manager: conda
  platform: osx-64
  dependencies: {}
  url: https://conda.anaconda.org/conda-forge/osx-64/xz-5.2.6-h775f41a_0.tar.bz2
  hash:
    md5: a72f9d4ea13d55d745ff1ed594747f10
    sha256: eb09823f34cc2dd663c0ec4ab13f246f45dcd52e5b8c47b9864361de5204a1c8
  category: main
  optional: false
- name: yaml
  version: 0.2.5
  manager: conda
  platform: osx-64
  dependencies: {}
  url: https://conda.anaconda.org/conda-forge/osx-64/yaml-0.2.5-h0d85af4_2.tar.bz2
  hash:
    md5: d7e08fcf8259d742156188e8762b4d20
    sha256: 5301417e2c8dea45b401ffee8df3957d2447d4ce80c83c5ff151fc6bfe1c4148
  category: main
  optional: false
- name: libbrotlidec
  version: 1.0.9
  manager: conda
  platform: osx-64
  dependencies:
    libbrotlicommon: 1.0.9
  url: https://conda.anaconda.org/conda-forge/osx-64/libbrotlidec-1.0.9-hb7f2c08_8.tar.bz2
  hash:
    md5: 7f952a036d9014b4dab96c6ea0f8c2a7
    sha256: 52d8e8929b2476cf13fd397d88cefd911f805de00e77090fdc50b8fb11c372ca
  category: main
  optional: false
- name: libbrotlienc
  version: 1.0.9
  manager: conda
  platform: osx-64
  dependencies:
    libbrotlicommon: 1.0.9
  url: https://conda.anaconda.org/conda-forge/osx-64/libbrotlienc-1.0.9-hb7f2c08_8.tar.bz2
  hash:
    md5: b36a3bfe866d9127f25f286506982166
    sha256: be7e794c6208e7e12982872922df13fbf020ab594d516b7bc306a384ac7d3ac6
  category: main
  optional: false
- name: libffi
  version: 3.2.1
  manager: conda
  platform: osx-64
  dependencies:
    libcxx: '>=10.0.1'
  url: https://conda.anaconda.org/conda-forge/osx-64/libffi-3.2.1-hb1e8313_1007.tar.bz2
  hash:
    md5: be8b6ba3b6710a89ab891bbed151659c
    sha256: 0ab28f9757a175701ac22e33a9f8551ed2e623b8c4e756a7b66a9b922603a11d
  category: main
  optional: false
- name: openssl
  version: 1.0.2u
  manager: conda
  platform: osx-64
  dependencies:
    ca-certificates: ''
  url: https://conda.anaconda.org/conda-forge/osx-64/openssl-1.0.2u-h0b31af3_0.tar.bz2
  hash:
    md5: 7a3604bc280376906bd2531094b0fb2c
    sha256: a18f182c697e4a723d36934ebba5689a9728f00e72968f85feddaec5db2dc641
  category: main
  optional: false
- name: readline
  version: '7.0'
  manager: conda
  platform: osx-64
  dependencies:
    ncurses: '>=6.1,<7.0.0a0'
  url: https://conda.anaconda.org/conda-forge/osx-64/readline-7.0-hcfe32e1_1001.tar.bz2
  hash:
    md5: 4dfbb0e22ab207236cdd49e2352cecd9
    sha256: a0550ffa53203b17f0be20786400940bff33793cbdf6c7126bca54ff1086cb71
  category: main
  optional: false
- name: tk
  version: 8.6.12
  manager: conda
  platform: osx-64
  dependencies:
    libzlib: '>=1.2.11,<1.3.0a0'
  url: https://conda.anaconda.org/conda-forge/osx-64/tk-8.6.12-h5dbffcc_0.tar.bz2
  hash:
    md5: 8e9480d9c47061db2ed1b4ecce519a7f
    sha256: 331aa1137a264fd9cc905f04f09a161c801fe504b93da08b4e6697bd7c9ae6a6
  category: main
  optional: false
- name: zlib
  version: 1.2.13
  manager: conda
  platform: osx-64
  dependencies:
    libzlib: 1.2.13
  url: https://conda.anaconda.org/conda-forge/osx-64/zlib-1.2.13-h8a1eda9_5.conda
  hash:
    md5: 75a8a98b1c4671c5d2897975731da42d
    sha256: d1f4c82fd7bd240a78ce8905e931e68dca5f523c7da237b6b63c87d5625c5b35
  category: main
  optional: false
- name: brotli-bin
  version: 1.0.9
  manager: conda
  platform: osx-64
  dependencies:
    libbrotlidec: 1.0.9
    libbrotlienc: 1.0.9
  url: https://conda.anaconda.org/conda-forge/osx-64/brotli-bin-1.0.9-hb7f2c08_8.tar.bz2
  hash:
    md5: aac5ad0d8f747ef7f871508146df75d9
    sha256: 36f79eb26da032c5d1ddc11e0bcac5526f249bf60d332e4743c8d48bb7334db0
  category: main
  optional: false
- name: sqlite
  version: 3.28.0
  manager: conda
  platform: osx-64
  dependencies:
    ncurses: '>=6.1,<7.0.0a0'
    readline: '>=7.0,<8.0a0'
  url: https://conda.anaconda.org/conda-forge/osx-64/sqlite-3.28.0-h9721f7c_0.tar.bz2
  hash:
    md5: c07b6d039ae16cc9a19b8df49253429f
    sha256: 30627ea4d6da1480c1da9c2eacf1d165ac3dda8ea5d66c2ad983a82ca59c17ee
  category: main
  optional: false
- name: brotli
  version: 1.0.9
  manager: conda
  platform: osx-64
  dependencies:
    brotli-bin: 1.0.9
    libbrotlidec: 1.0.9
    libbrotlienc: 1.0.9
  url: https://conda.anaconda.org/conda-forge/osx-64/brotli-1.0.9-hb7f2c08_8.tar.bz2
  hash:
    md5: 55f612fe4a9b5f6ac76348b6de94aaeb
    sha256: 1272426370f1e8db1a8b245a7b522afe27413b09eab169990512a7676b802e3b
  category: main
  optional: false
- name: python
  version: 3.7.0
  manager: conda
  platform: osx-64
  dependencies:
    bzip2: '>=1.0.6,<2.0a0'
    libcxx: '>=4.0.1'
    libffi: '>=3.2.1,<3.3.0a0'
    openssl: '>=1.0.2p,<1.0.3a'
    readline: '>=7.0,<8.0a0'
    sqlite: '>=3.25.3,<4.0a0'
    tk: '>=8.6.8,<8.7.0a0'
    xz: '>=5.2.4,<5.3.0a0'
    zlib: '>=1.2.11,<1.3.0a0'
  url: https://conda.anaconda.org/conda-forge/osx-64/python-3.7.0-h145921a_1006.tar.bz2
  hash:
    md5: 9f56d067a71930a7eb937ec4b7d1fa93
    sha256: 271032394c33d8b9acd81916ec0ff6286993eea068b518298d749e398c3bf877
  category: main
  optional: false
- name: aiofiles
  version: 23.1.0
  manager: conda
  platform: osx-64
  dependencies:
    python: '>=3.7'
  url: https://conda.anaconda.org/conda-forge/noarch/aiofiles-23.1.0-pyhd8ed1ab_1.conda
  hash:
    md5: 4e0624567be59edd7d0fec20db4d7a9c
    sha256: 76f4a3bedd87897b5d33be777035087c47416550a6e7329d4710248dcfa4700e
  category: main
  optional: false
- name: asynctest
  version: 0.13.0
  manager: conda
  platform: osx-64
  dependencies:
    python: '>=3.5'
  url: https://conda.anaconda.org/conda-forge/noarch/asynctest-0.13.0-py_0.tar.bz2
  hash:
    md5: b0e68312b9cdf1696f49c454d4864dfd
    sha256: c09fb3080c207b42a394b4fd472c01d278cc256e9b07359fd7faee647d4a3105
  category: main
  optional: false
- name: attrs
  version: 23.1.0
  manager: conda
  platform: osx-64
  dependencies:
    python: '>=3.7'
  url: https://conda.anaconda.org/conda-forge/noarch/attrs-23.1.0-pyh71513ae_1.conda
  hash:
    md5: 3edfead7cedd1ab4400a6c588f3e75f8
    sha256: 063639cd568f5c7a557b0fb1cc27f098598c0d8ff869088bfeb82934674f8821
  category: main
  optional: false
- name: certifi
  version: 2023.5.7
  manager: conda
  platform: osx-64
  dependencies:
    python: '>=3.7'
  url: https://conda.anaconda.org/conda-forge/noarch/certifi-2023.5.7-pyhd8ed1ab_0.conda
  hash:
    md5: 5d1b71c942b8421285934dad1d891ebc
    sha256: f839a6e04d94069f90dd85337ea9108f058dc76771bb469a413f32bb1ba0b256
  category: main
  optional: false
- name: charset-normalizer
  version: 2.1.1
  manager: conda
  platform: osx-64
  dependencies:
    python: '>=3.6'
  url: https://conda.anaconda.org/conda-forge/noarch/charset-normalizer-2.1.1-pyhd8ed1ab_0.tar.bz2
  hash:
    md5: c1d5b294fbf9a795dec349a6f4d8be8e
    sha256: 9e6170fa7b65b5546377eddb602d5ff871110f84bebf101b7b8177ff64aab1cb
  category: main
  optional: false
- name: colorama
  version: 0.4.6
  manager: conda
  platform: osx-64
  dependencies:
    python: '>=3.7'
  url: https://conda.anaconda.org/conda-forge/noarch/colorama-0.4.6-pyhd8ed1ab_0.tar.bz2
  hash:
    md5: 3faab06a954c2a04039983f2c4a50d99
    sha256: 2c1b2e9755ce3102bca8d69e8f26e4f087ece73f50418186aee7c74bef8e1698
  category: main
  optional: false
- name: exceptiongroup
  version: 1.1.1
  manager: conda
  platform: osx-64
  dependencies:
    python: '>=3.7'
  url: https://conda.anaconda.org/conda-forge/noarch/exceptiongroup-1.1.1-pyhd8ed1ab_0.conda
  hash:
    md5: 7312299d7a0ea4993159229b7d2dceb2
    sha256: f073c3ba993912f1c0027bc34a54975642885f0a4cd5f9dc42a17ca945df2c18
  category: main
  optional: false
- name: idna
  version: '3.4'
  manager: conda
  platform: osx-64
  dependencies:
    python: '>=3.6'
  url: https://conda.anaconda.org/conda-forge/noarch/idna-3.4-pyhd8ed1ab_0.tar.bz2
  hash:
    md5: 34272b248891bddccc64479f9a7fffed
    sha256: 9887c35c374ec1847f167292d3fde023cb4c994a4ceeec283072b95440131f09
  category: main
  optional: false
- name: iniconfig
  version: 2.0.0
  manager: conda
  platform: osx-64
  dependencies:
    python: '>=3.7'
  url: https://conda.anaconda.org/conda-forge/noarch/iniconfig-2.0.0-pyhd8ed1ab_0.conda
  hash:
    md5: f800d2da156d08e289b14e87e43c1ae5
    sha256: 38740c939b668b36a50ef455b077e8015b8c9cf89860d421b3fff86048f49666
  category: main
  optional: false
- name: mdurl
  version: 0.1.0
  manager: conda
  platform: osx-64
  dependencies:
    python: '>=3.6'
  url: https://conda.anaconda.org/conda-forge/noarch/mdurl-0.1.0-pyhd8ed1ab_0.tar.bz2
  hash:
    md5: f8dab71fdc13b1bf29a01248b156d268
    sha256: c678b9194e025b1fb665bec30ee20aab93399203583875b1dcc0a3b52a8f5523
  category: main
  optional: false
- name: packaging
  version: '23.1'
  manager: conda
  platform: osx-64
  dependencies:
    python: '>=3.7'
  url: https://conda.anaconda.org/conda-forge/noarch/packaging-23.1-pyhd8ed1ab_0.conda
  hash:
    md5: 91cda59e66e1e4afe9476f8ef98f5c30
    sha256: ded536a96a00d45a693dbc2971bb688248324dadd129eddda2100e177583d768
  category: main
  optional: false
- name: pygments
  version: 2.15.1
  manager: conda
  platform: osx-64
  dependencies:
    python: '>=3.7'
  url: https://conda.anaconda.org/conda-forge/noarch/pygments-2.15.1-pyhd8ed1ab_0.conda
  hash:
    md5: d316679235612869eba305aa7d41d9bf
    sha256: 1bddeb54863c77ed5613b535a3e06a3a16b55786301a5e28c9bf011656bda686
  category: main
  optional: false
- name: python_abi
  version: '3.7'
  manager: conda
  platform: osx-64
  dependencies:
    python: 3.7.*
  url: https://conda.anaconda.org/conda-forge/osx-64/python_abi-3.7-2_cp37m.tar.bz2
  hash:
    md5: 4b564389f52917cfe8fbc537284d42e6
    sha256: 27ab057e3f4eb7540189a8eeba24945eeb62380e8399511fe6d628e90700bc9d
  category: main
  optional: false
- name: shellingham
  version: 1.5.1
  manager: conda
  platform: osx-64
  dependencies:
    python: '>=3.7'
  url: https://conda.anaconda.org/conda-forge/noarch/shellingham-1.5.1-pyhd8ed1ab_0.conda
  hash:
    md5: 1de44299f48f522caa2e0074231614e1
    sha256: 3cb4a4a83b617fdfef9b92751634488db0b8961c80340be8068bf6d4f1d5ac25
  category: main
  optional: false
- name: tomli
  version: 2.0.1
  manager: conda
  platform: osx-64
  dependencies:
    python: '>=3.7'
  url: https://conda.anaconda.org/conda-forge/noarch/tomli-2.0.1-pyhd8ed1ab_0.tar.bz2
  hash:
    md5: 5844808ffab9ebdb694585b50ba02a96
    sha256: 4cd48aba7cd026d17e86886af48d0d2ebc67ed36f87f6534f4b67138f5a5a58f
  category: main
  optional: false
- name: typing_extensions
  version: 4.6.3
  manager: conda
  platform: osx-64
  dependencies:
    python: '>=3.7'
  url: https://conda.anaconda.org/conda-forge/noarch/typing_extensions-4.6.3-pyha770c72_0.conda
  hash:
    md5: 4a3014a4d107d15475d106b751c4e352
    sha256: 90a8d56c8015af1575d504d5f77d95a806cd999fc178a06ab51a349f1f744672
  category: main
  optional: false
- name: zipp
  version: 3.15.0
  manager: conda
  platform: osx-64
  dependencies:
    python: '>=3.7'
  url: https://conda.anaconda.org/conda-forge/noarch/zipp-3.15.0-pyhd8ed1ab_0.conda
  hash:
    md5: 13018819ca8f5b7cc675a8faf1f5fedf
    sha256: 241de30545299be9bcea3addf8a2c22a3b3d4ba6730890e150ab690ac937a3d2
  category: main
  optional: false
- name: frozenlist
  version: 1.3.1
  manager: conda
  platform: osx-64
  dependencies:
    python: '>=3.7,<3.8.0a0'
    python_abi: 3.7.*
  url: https://conda.anaconda.org/conda-forge/osx-64/frozenlist-1.3.1-py37h74e8b7d_0.tar.bz2
  hash:
    md5: 7ec12f68310abc494424dea5b9a924bf
    sha256: da253a1c96be4a7e8fb0366eb64405d5cea8f634d6dcc3c8dc4e74dd8a299eb2
  category: main
  optional: false
- name: importlib-metadata
  version: 4.11.4
  manager: conda
  platform: osx-64
  dependencies:
    python: '>=3.7,<3.8.0a0'
    python_abi: 3.7.*
    typing_extensions: '>=3.6.4'
    zipp: '>=0.5'
  url: https://conda.anaconda.org/conda-forge/osx-64/importlib-metadata-4.11.4-py37hf985489_0.tar.bz2
  hash:
    md5: 5433686b318d1725f4783d0c08523566
    sha256: 1efbf720dbbe7c43e3b776d9e74514e48b1d51dfc89fb4829e3bc32d1374efe5
  category: main
  optional: false
- name: markdown-it-py
  version: 2.2.0
  manager: conda
  platform: osx-64
  dependencies:
    python: '>=3.7'
    typing_extensions: '>=3.7.4'
    mdurl: '>=0.1,<1'
  url: https://conda.anaconda.org/conda-forge/noarch/markdown-it-py-2.2.0-pyhd8ed1ab_0.conda
  hash:
    md5: b2928a6c6d52d7e3562b4a59c3214e3a
    sha256: 65ed439862c1851463f03a9bc5109992ce3e3e025e9a2d76d13ca19f576eee9f
  category: main
  optional: false
- name: multidict
  version: 6.0.2
  manager: conda
  platform: osx-64
  dependencies:
    python: '>=3.7,<3.8.0a0'
    python_abi: 3.7.*
  url: https://conda.anaconda.org/conda-forge/osx-64/multidict-6.0.2-py37h69ee0a8_1.tar.bz2
  hash:
    md5: 07d01411a9a4cd38660e03be35258256
    sha256: 418f8410cd3443f4b18e86877e31605526fd287c89a875ff9a9189ed461a80fd
  category: main
  optional: false
- name: pysocks
  version: 1.7.1
  manager: conda
  platform: osx-64
  dependencies:
    python: '>=3.7,<3.8.0a0'
    python_abi: 3.7.*
  url: https://conda.anaconda.org/conda-forge/osx-64/pysocks-1.7.1-py37hf985489_5.tar.bz2
  hash:
    md5: e3a96bc60c8dd67efa0b18f81db028b8
    sha256: ccd77708a48abedce40ea3b4dc60eb563d02b82aff4e310292b7b7c6f57a891e
  category: main
  optional: false
- name: pyyaml
  version: '6.0'
  manager: conda
  platform: osx-64
  dependencies:
    python: '>=3.7,<3.8.0a0'
    python_abi: 3.7.*
    yaml: '>=0.2.5,<0.3.0a0'
  url: https://conda.anaconda.org/conda-forge/osx-64/pyyaml-6.0-py37h69ee0a8_4.tar.bz2
  hash:
    md5: c22ba296e13338f77db4bdb683ddc010
    sha256: a8c51cef53595eda76f2de4160fe0bd83f3eee7ea8e9ea0bfe093e1a90a902f2
  category: main
  optional: false
- name: typing-extensions
  version: 4.6.3
  manager: conda
  platform: osx-64
  dependencies:
    typing_extensions: 4.6.3
  url: https://conda.anaconda.org/conda-forge/noarch/typing-extensions-4.6.3-hd8ed1ab_0.conda
  hash:
    md5: 3876f650ed7d0f95d70fa4b647621909
    sha256: d2334dab270e13182403cc3a394e3da8e7acb409e94059a6d9223d2ac053f90a
  category: main
  optional: false
- name: aiosignal
  version: 1.3.1
  manager: conda
  platform: osx-64
  dependencies:
    python: '>=3.7'
    frozenlist: '>=1.1.0'
  url: https://conda.anaconda.org/conda-forge/noarch/aiosignal-1.3.1-pyhd8ed1ab_0.tar.bz2
  hash:
    md5: d1e1eb7e21a9e2c74279d87dafb68156
    sha256: 575c742e14c86575986dc867463582a970463da50b77264cdf54df74f5563783
  category: main
  optional: false
- name: async-timeout
  version: 4.0.2
  manager: conda
  platform: osx-64
  dependencies:
    python: '>=3.6'
    typing-extensions: '>=3.6.5'
  url: https://conda.anaconda.org/conda-forge/noarch/async-timeout-4.0.2-pyhd8ed1ab_0.tar.bz2
  hash:
    md5: 25e79f9a1133556671becbd65a170c78
    sha256: a08b78e6fadee1ffac0f255363d2a08a0c589c7403fd2a71c1c0b6aafd5e0737
  category: main
  optional: false
- name: click
  version: 8.1.3
  manager: conda
  platform: osx-64
  dependencies:
    importlib-metadata: ''
    python: '>=3.7,<3.8.0a0'
    python_abi: 3.7.*
  url: https://conda.anaconda.org/conda-forge/osx-64/click-8.1.3-py37hf985489_0.tar.bz2
  hash:
    md5: 3cd2e0188642cfd5a1503ea02c5a1b66
    sha256: 0bcc60786065b74291d7ab1a0bb847763c8eb31cf48a4c2d97023a5c905628b5
  category: main
  optional: false
- name: importlib_metadata
  version: 4.11.4
  manager: conda
  platform: osx-64
  dependencies:
    importlib-metadata: '>=4.11.4,<4.11.5.0a0'
  url: https://conda.anaconda.org/conda-forge/noarch/importlib_metadata-4.11.4-hd8ed1ab_0.tar.bz2
  hash:
    md5: 9a1925fdb91c81437b8012e48ede6851
    sha256: 85049d953d6894e1379162e0f01cf4b8828d40f707cc511edb201e9159f091fc
  category: main
  optional: false
- name: pydantic
  version: 1.10.2
  manager: conda
  platform: osx-64
  dependencies:
    python: '>=3.7,<3.8.0a0'
    python_abi: 3.7.*
    typing-extensions: '>=4.1.0'
  url: https://conda.anaconda.org/conda-forge/osx-64/pydantic-1.10.2-py37h8052db5_0.tar.bz2
  hash:
    md5: c752218f7562c239cdf7caec463dcdd5
    sha256: a3cb4800ceed86125d639a9df6dd135b5d131fd9d7a50fcdd7679dc90557cbcd
  category: main
  optional: false
- name: rich
  version: 13.4.2
  manager: conda
  platform: osx-64
  dependencies:
    python: '>=3.7.0'
    typing_extensions: '>=4.0.0,<5.0.0'
    pygments: '>=2.13.0,<3.0.0'
    markdown-it-py: '>=2.2.0'
  url: https://conda.anaconda.org/conda-forge/noarch/rich-13.4.2-pyhd8ed1ab_0.conda
  hash:
    md5: f993baacc175e83fafd6b846e9c4c8a2
    sha256: d0f6506b0bf1f5563b6b42cf018002b7007bd49e62ad4a178c2a50bf3a7fe45f
  category: main
  optional: false
- name: urllib3
  version: 2.0.3
  manager: conda
  platform: osx-64
  dependencies:
    python: '>=3.7'
    pysocks: '>=1.5.6,<2.0,!=1.5.7'
    brotli: '>=1.0.9'
  url: https://conda.anaconda.org/conda-forge/noarch/urllib3-2.0.3-pyhd8ed1ab_0.conda
  hash:
    md5: ae465d0fbf9f1979cb2d8d4043d885e2
    sha256: 91d999539132f4b04091642df62b51c63c8a1fd61ecdff1ed704fc11405f9a34
  category: main
  optional: false
- name: yarl
  version: 1.7.2
  manager: conda
  platform: osx-64
  dependencies:
    idna: '>=2.0'
    multidict: '>=4.0'
    python: '>=3.7,<3.8.0a0'
    python_abi: 3.7.*
    typing-extensions: '>=3.7.4'
  url: https://conda.anaconda.org/conda-forge/osx-64/yarl-1.7.2-py37h69ee0a8_2.tar.bz2
  hash:
    md5: 06271fef18597709fbf1539cbb5253b0
    sha256: 91321ac50c7ffd4b41594a1a124e51ae56c557eff6bb9094c4bd1d7d5b20c98f
  category: main
  optional: false
- name: aiohttp
  version: 3.8.3
  manager: conda
  platform: osx-64
  dependencies:
    aiosignal: '>=1.1.2'
    async-timeout: <5.0,>=4.0.0a3
    asynctest: 0.13.0
    attrs: '>=17.3.0'
    charset-normalizer: '>=2.0,<3.0'
    frozenlist: '>=1.1.1'
    multidict: '>=4.5,<7.0'
    python: '>=3.7,<3.8.0a0'
    python_abi: 3.7.*
    typing-extensions: '>=3.7.4'
    yarl: '>=1.0,<2.0'
  url: https://conda.anaconda.org/conda-forge/osx-64/aiohttp-3.8.3-py37h8052db5_0.tar.bz2
  hash:
    md5: e7c080f5728151738af4ed12b303e5cc
    sha256: af147c18211678c74294879d46c10087c84f016db502bb48db014d1ffbf185d6
  category: main
  optional: false
- name: pluggy
  version: 1.0.0
  manager: conda
  platform: osx-64
  dependencies:
    importlib_metadata: '>=0.12'
    python: '>=3.7,<3.8.0a0'
    python_abi: 3.7.*
  url: https://conda.anaconda.org/conda-forge/osx-64/pluggy-1.0.0-py37hf985489_3.tar.bz2
  hash:
    md5: c01a618055fe641f37b92e55b9104674
    sha256: 31c19b4802483acaf2806816039b7f577e710ebab949801c98d28ffc83060050
  category: main
  optional: false
- name: requests
  version: 2.31.0
  manager: conda
  platform: osx-64
  dependencies:
    python: '>=3.7'
    idna: '>=2.5,<4'
    certifi: '>=2017.4.17'
    charset-normalizer: '>=2,<4'
    urllib3: '>=1.21.1,<3'
  url: https://conda.anaconda.org/conda-forge/noarch/requests-2.31.0-pyhd8ed1ab_0.conda
  hash:
    md5: a30144e4156cdbb236f99ebb49828f8b
    sha256: 9f629d6fd3c8ac5f2a198639fe7af87c4db2ac9235279164bfe0fcb49d8c4bad
  category: main
  optional: false
- name: typer
  version: 0.9.0
  manager: conda
  platform: osx-64
  dependencies:
    python: '>=3.6'
    typing-extensions: '>=3.7.4.3'
    colorama: '>=0.4.3,<0.5.0'
    shellingham: '>=1.3.0,<2.0.0'
    click: '>=7.1.1,<9'
    rich: '>=10.11.0,<14.0.0'
  url: https://conda.anaconda.org/conda-forge/noarch/typer-0.9.0-pyhd8ed1ab_0.conda
  hash:
    md5: 5030a13b2fe5e143d5956d4943d3018f
    sha256: d395e1e92281abb13e043220ecf8ea973ada8d38a1e8c683df14f46541c64bd2
  category: main
  optional: false
- name: pytest
  version: 7.3.2
  manager: conda
  platform: osx-64
  dependencies:
    packaging: ''
    colorama: ''
    iniconfig: ''
    python: '>=3.7'
    exceptiongroup: '>=1.0.0rc8'
    tomli: '>=1.0.0'
    pluggy: '>=0.12,<2.0'
  url: https://conda.anaconda.org/conda-forge/noarch/pytest-7.3.2-pyhd8ed1ab_1.conda
  hash:
    md5: f2465696f4396245eca4613f6e924796
    sha256: bdcd2df6f9a1a5ccb575c030a9c9417fb3abb7aecf56e51bbd2711139df187e8
  category: main
  optional: false
